
Microsoft Visual Studio Solution File, Format Version 12.00
Project("{FAE04EC0-301F-11D3-BF4B-00C04F79EFBC}") = "Financify.API", "Financify.API\Financify.API.csproj", "{DBA071C7-FFC4-4DC7-8E49-0D86C7561FF1}"
EndProject
Global
	GlobalSection(SolutionConfigurationPlatforms) = preSolution
		Debug|Any CPU = Debug|Any CPU
		Release|Any CPU = Release|Any CPU
	EndGlobalSection
	GlobalSection(ProjectConfigurationPlatforms) = postSolution
		{DBA071C7-FFC4-4DC7-8E49-0D86C7561FF1}.Debug|Any CPU.ActiveCfg = Debug|Any CPU
		{DBA071C7-FFC4-4DC7-8E49-0D86C7561FF1}.Debug|Any CPU.Build.0 = Debug|Any CPU
		{DBA071C7-FFC4-4DC7-8E49-0D86C7561FF1}.Release|Any CPU.ActiveCfg = Release|Any CPU
		{DBA071C7-FFC4-4DC7-8E49-0D86C7561FF1}.Release|Any CPU.Build.0 = Release|Any CPU
	EndGlobalSection
EndGlobal
